
Microsoft Visual Studio Solution File, Format Version 12.00
# Visual Studio 15
VisualStudioVersion = 15.0.28010.2003
MinimumVisualStudioVersion = 10.0.40219.1
Project("{FAE04EC0-301F-11D3-BF4B-00C04F79EFBC}") = "GrandCircusLMS-CodeFirst", "GrandCircusLMS-CodeFirst\GrandCircusLMS-CodeFirst.csproj", "{CF96AA0C-27EE-4DFC-8732-5346C4ECF5C8}"
EndProject
Project("{FAE04EC0-301F-11D3-BF4B-00C04F79EFBC}") = "GrandCircusLMS.Data", "GrandCircusLMS.Data\GrandCircusLMS.Data.csproj", "{73BD8FB1-5330-4302-A066-557F48658733}"
EndProject
Project("{FAE04EC0-301F-11D3-BF4B-00C04F79EFBC}") = "GrandCircusLMS.Domain", "GrandCircusLMS.Domain\GrandCircusLMS.Domain.csproj", "{D99C1E57-F858-4014-AE57-E66A429A0F06}"
EndProject
Project("{FAE04EC0-301F-11D3-BF4B-00C04F79EFBC}") = "GrandCircusLMS.IoC", "GrandCircusLMS.IoC\GrandCircusLMS.IoC.csproj", "{2BEEBF60-D942-4185-977B-2D1AB3FFCDE3}"
EndProject
Project("{FAE04EC0-301F-11D3-BF4B-00C04F79EFBC}") = "GrandCircusLMS.Infrastructure", "GrandCircusLMS.Infrastructure\GrandCircusLMS.Infrastructure.csproj", "{604E05D9-2364-4116-AB40-177398BDBB94}"
EndProject
Global
	GlobalSection(SolutionConfigurationPlatforms) = preSolution
		Debug|Any CPU = Debug|Any CPU
		Release|Any CPU = Release|Any CPU
	EndGlobalSection
	GlobalSection(ProjectConfigurationPlatforms) = postSolution
		{CF96AA0C-27EE-4DFC-8732-5346C4ECF5C8}.Debug|Any CPU.ActiveCfg = Debug|Any CPU
		{CF96AA0C-27EE-4DFC-8732-5346C4ECF5C8}.Debug|Any CPU.Build.0 = Debug|Any CPU
		{CF96AA0C-27EE-4DFC-8732-5346C4ECF5C8}.Release|Any CPU.ActiveCfg = Release|Any CPU
		{CF96AA0C-27EE-4DFC-8732-5346C4ECF5C8}.Release|Any CPU.Build.0 = Release|Any CPU
		{73BD8FB1-5330-4302-A066-557F48658733}.Debug|Any CPU.ActiveCfg = Debug|Any CPU
		{73BD8FB1-5330-4302-A066-557F48658733}.Debug|Any CPU.Build.0 = Debug|Any CPU
		{73BD8FB1-5330-4302-A066-557F48658733}.Release|Any CPU.ActiveCfg = Release|Any CPU
		{73BD8FB1-5330-4302-A066-557F48658733}.Release|Any CPU.Build.0 = Release|Any CPU
		{D99C1E57-F858-4014-AE57-E66A429A0F06}.Debug|Any CPU.ActiveCfg = Debug|Any CPU
		{D99C1E57-F858-4014-AE57-E66A429A0F06}.Debug|Any CPU.Build.0 = Debug|Any CPU
		{D99C1E57-F858-4014-AE57-E66A429A0F06}.Release|Any CPU.ActiveCfg = Release|Any CPU
		{D99C1E57-F858-4014-AE57-E66A429A0F06}.Release|Any CPU.Build.0 = Release|Any CPU
		{2BEEBF60-D942-4185-977B-2D1AB3FFCDE3}.Debug|Any CPU.ActiveCfg = Debug|Any CPU
		{2BEEBF60-D942-4185-977B-2D1AB3FFCDE3}.Debug|Any CPU.Build.0 = Debug|Any CPU
		{2BEEBF60-D942-4185-977B-2D1AB3FFCDE3}.Release|Any CPU.ActiveCfg = Release|Any CPU
		{2BEEBF60-D942-4185-977B-2D1AB3FFCDE3}.Release|Any CPU.Build.0 = Release|Any CPU
		{604E05D9-2364-4116-AB40-177398BDBB94}.Debug|Any CPU.ActiveCfg = Debug|Any CPU
		{604E05D9-2364-4116-AB40-177398BDBB94}.Debug|Any CPU.Build.0 = Debug|Any CPU
		{604E05D9-2364-4116-AB40-177398BDBB94}.Release|Any CPU.ActiveCfg = Release|Any CPU
		{604E05D9-2364-4116-AB40-177398BDBB94}.Release|Any CPU.Build.0 = Release|Any CPU
	EndGlobalSection
	GlobalSection(SolutionProperties) = preSolution
		HideSolutionNode = FALSE
	EndGlobalSection
	GlobalSection(ExtensibilityGlobals) = postSolution
		SolutionGuid = {221D0EEA-7283-4F19-919B-10557536CA4D}
	EndGlobalSection
EndGlobal
